// !$*UTF8*$!
{
	archiveVersion = 1;
	classes = {
	};
	objectVersion = 46;
	objects = {

/* Begin PBXBuildFile section */
		702AABE61B9D042B00158C8D /* Watcher.swift in Sources */ = {isa = PBXBuildFile; fileRef = 702AABE51B9D042B00158C8D /* Watcher.swift */; settings = {ASSET_TAGS = (); }; };
		702AABEA1B9D6FA200158C8D /* GlobTests.swift in Sources */ = {isa = PBXBuildFile; fileRef = 702AABE91B9D6FA200158C8D /* GlobTests.swift */; settings = {ASSET_TAGS = (); }; };
		702AABEC1B9D778B00158C8D /* RegexTests.swift in Sources */ = {isa = PBXBuildFile; fileRef = 702AABEB1B9D778B00158C8D /* RegexTests.swift */; settings = {ASSET_TAGS = (); }; };
		702AABF31B9E767000158C8D /* Regex.swift in Sources */ = {isa = PBXBuildFile; fileRef = 702AABF01B9E767000158C8D /* Regex.swift */; settings = {ASSET_TAGS = (); }; };
		702AABF41B9E767000158C8D /* pcrewrapper.c in Sources */ = {isa = PBXBuildFile; fileRef = 702AABF11B9E767000158C8D /* pcrewrapper.c */; settings = {ASSET_TAGS = (); }; };
		702AABF61B9E767500158C8D /* Glob.swift in Sources */ = {isa = PBXBuildFile; fileRef = 702AABF51B9E767500158C8D /* Glob.swift */; settings = {ASSET_TAGS = (); }; };
		703E5E4A1B998B400026036C /* AppDelegate.swift in Sources */ = {isa = PBXBuildFile; fileRef = 703E5E491B998B400026036C /* AppDelegate.swift */; };
		703E5E4C1B998B400026036C /* Assets.xcassets in Resources */ = {isa = PBXBuildFile; fileRef = 703E5E4B1B998B400026036C /* Assets.xcassets */; };
		703E5E4F1B998B400026036C /* MainMenu.xib in Resources */ = {isa = PBXBuildFile; fileRef = 703E5E4D1B998B400026036C /* MainMenu.xib */; };
		70C8C0B31B998CFD003D9B27 /* Extensions.swift in Sources */ = {isa = PBXBuildFile; fileRef = 70C8C0AB1B998CFD003D9B27 /* Extensions.swift */; settings = {ASSET_TAGS = (); }; };
		70C8C0B41B998CFD003D9B27 /* Model.swift in Sources */ = {isa = PBXBuildFile; fileRef = 70C8C0AC1B998CFD003D9B27 /* Model.swift */; settings = {ASSET_TAGS = (); }; };
		70C8C0B61B998CFD003D9B27 /* PreferencesWindow.swift in Sources */ = {isa = PBXBuildFile; fileRef = 70C8C0AF1B998CFD003D9B27 /* PreferencesWindow.swift */; settings = {ASSET_TAGS = (); }; };
		70C8C0B71B998CFD003D9B27 /* PreferencesWindow.xib in Resources */ = {isa = PBXBuildFile; fileRef = 70C8C0B01B998CFD003D9B27 /* PreferencesWindow.xib */; settings = {ASSET_TAGS = (); }; };
		70C8C0BE1B998D1D003D9B27 /* EVObject.swift in Sources */ = {isa = PBXBuildFile; fileRef = 70C8C0BB1B998D1D003D9B27 /* EVObject.swift */; settings = {ASSET_TAGS = (); }; };
		70C8C0BF1B998D1D003D9B27 /* EVObjectDescription.swift in Sources */ = {isa = PBXBuildFile; fileRef = 70C8C0BC1B998D1D003D9B27 /* EVObjectDescription.swift */; settings = {ASSET_TAGS = (); }; };
		70C8C0C01B998D1D003D9B27 /* EVReflection.swift in Sources */ = {isa = PBXBuildFile; fileRef = 70C8C0BD1B998D1D003D9B27 /* EVReflection.swift */; settings = {ASSET_TAGS = (); }; };
		70C8C0C21B998DEA003D9B27 /* Async.framework in Frameworks */ = {isa = PBXBuildFile; fileRef = 70C8C0C11B998DEA003D9B27 /* Async.framework */; };
		70C8C0C31B998DEA003D9B27 /* Async.framework in Embed Frameworks */ = {isa = PBXBuildFile; fileRef = 70C8C0C11B998DEA003D9B27 /* Async.framework */; settings = {ATTRIBUTES = (CodeSignOnCopy, RemoveHeadersOnCopy, ); }; };
		70C8C0C61B998DF0003D9B27 /* EonilFileSystemEvents.framework in Frameworks */ = {isa = PBXBuildFile; fileRef = 70C8C0C51B998DF0003D9B27 /* EonilFileSystemEvents.framework */; };
		70C8C0C71B998DF0003D9B27 /* EonilFileSystemEvents.framework in Embed Frameworks */ = {isa = PBXBuildFile; fileRef = 70C8C0C51B998DF0003D9B27 /* EonilFileSystemEvents.framework */; settings = {ATTRIBUTES = (CodeSignOnCopy, RemoveHeadersOnCopy, ); }; };
		70C8C0C91B998DF5003D9B27 /* XCGLogger.framework in Frameworks */ = {isa = PBXBuildFile; fileRef = 70C8C0C81B998DF5003D9B27 /* XCGLogger.framework */; };
		70C8C0CA1B998DF5003D9B27 /* XCGLogger.framework in Embed Frameworks */ = {isa = PBXBuildFile; fileRef = 70C8C0C81B998DF5003D9B27 /* XCGLogger.framework */; settings = {ATTRIBUTES = (CodeSignOnCopy, RemoveHeadersOnCopy, ); }; };
/* End PBXBuildFile section */

/* Begin PBXContainerItemProxy section */
		703E5E561B998B400026036C /* PBXContainerItemProxy */ = {
			isa = PBXContainerItemProxy;
			containerPortal = 703E5E3E1B998B400026036C /* Project object */;
			proxyType = 1;
			remoteGlobalIDString = 703E5E451B998B400026036C;
			remoteInfo = WatchIt;
		};
/* End PBXContainerItemProxy section */

/* Begin PBXCopyFilesBuildPhase section */
		70C8C0C41B998DEB003D9B27 /* Embed Frameworks */ = {
			isa = PBXCopyFilesBuildPhase;
			buildActionMask = 2147483647;
			dstPath = "";
			dstSubfolderSpec = 10;
			files = (
				70C8C0C71B998DF0003D9B27 /* EonilFileSystemEvents.framework in Embed Frameworks */,
				70C8C0C31B998DEA003D9B27 /* Async.framework in Embed Frameworks */,
				70C8C0CA1B998DF5003D9B27 /* XCGLogger.framework in Embed Frameworks */,
			);
			name = "Embed Frameworks";
			runOnlyForDeploymentPostprocessing = 0;
		};
/* End PBXCopyFilesBuildPhase section */

/* Begin PBXFileReference section */
		702AABE51B9D042B00158C8D /* Watcher.swift */ = {isa = PBXFileReference; fileEncoding = 4; lastKnownFileType = sourcecode.swift; path = Watcher.swift; sourceTree = "<group>"; };
		702AABE91B9D6FA200158C8D /* GlobTests.swift */ = {isa = PBXFileReference; fileEncoding = 4; lastKnownFileType = sourcecode.swift; path = GlobTests.swift; sourceTree = "<group>"; };
		702AABEB1B9D778B00158C8D /* RegexTests.swift */ = {isa = PBXFileReference; fileEncoding = 4; lastKnownFileType = sourcecode.swift; path = RegexTests.swift; sourceTree = "<group>"; };
		702AABF01B9E767000158C8D /* Regex.swift */ = {isa = PBXFileReference; fileEncoding = 4; lastKnownFileType = sourcecode.swift; name = Regex.swift; path = Regex/Regex.swift; sourceTree = "<group>"; };
		702AABF11B9E767000158C8D /* pcrewrapper.c */ = {isa = PBXFileReference; fileEncoding = 4; lastKnownFileType = sourcecode.c.c; name = pcrewrapper.c; path = Regex/pcrewrapper.c; sourceTree = "<group>"; };
		702AABF21B9E767000158C8D /* pcrewrapper.h */ = {isa = PBXFileReference; fileEncoding = 4; lastKnownFileType = sourcecode.c.h; name = pcrewrapper.h; path = Regex/pcrewrapper.h; sourceTree = "<group>"; };
		702AABF51B9E767500158C8D /* Glob.swift */ = {isa = PBXFileReference; fileEncoding = 4; lastKnownFileType = sourcecode.swift; path = Glob.swift; sourceTree = "<group>"; };
		703E5E461B998B400026036C /* WatchIt.app */ = {isa = PBXFileReference; explicitFileType = wrapper.application; includeInIndex = 0; path = WatchIt.app; sourceTree = BUILT_PRODUCTS_DIR; };
		703E5E491B998B400026036C /* AppDelegate.swift */ = {isa = PBXFileReference; lastKnownFileType = sourcecode.swift; path = AppDelegate.swift; sourceTree = "<group>"; };
		703E5E4B1B998B400026036C /* Assets.xcassets */ = {isa = PBXFileReference; lastKnownFileType = folder.assetcatalog; path = Assets.xcassets; sourceTree = "<group>"; };
		703E5E4E1B998B400026036C /* Base */ = {isa = PBXFileReference; lastKnownFileType = file.xib; name = Base; path = Base.lproj/MainMenu.xib; sourceTree = "<group>"; };
		703E5E501B998B400026036C /* Info.plist */ = {isa = PBXFileReference; lastKnownFileType = text.plist.xml; path = Info.plist; sourceTree = "<group>"; };
		703E5E551B998B400026036C /* WatchItTests.xctest */ = {isa = PBXFileReference; explicitFileType = wrapper.cfbundle; includeInIndex = 0; path = WatchItTests.xctest; sourceTree = BUILT_PRODUCTS_DIR; };
		703E5E5B1B998B400026036C /* Info.plist */ = {isa = PBXFileReference; lastKnownFileType = text.plist.xml; path = Info.plist; sourceTree = "<group>"; };
		70C8C0AA1B998CFC003D9B27 /* WatchIt-Bridging-Header.h */ = {isa = PBXFileReference; lastKnownFileType = sourcecode.c.h; path = "WatchIt-Bridging-Header.h"; sourceTree = "<group>"; };
		70C8C0AB1B998CFD003D9B27 /* Extensions.swift */ = {isa = PBXFileReference; fileEncoding = 4; lastKnownFileType = sourcecode.swift; path = Extensions.swift; sourceTree = "<group>"; };
		70C8C0AC1B998CFD003D9B27 /* Model.swift */ = {isa = PBXFileReference; fileEncoding = 4; lastKnownFileType = sourcecode.swift; path = Model.swift; sourceTree = "<group>"; };
		70C8C0AF1B998CFD003D9B27 /* PreferencesWindow.swift */ = {isa = PBXFileReference; fileEncoding = 4; lastKnownFileType = sourcecode.swift; path = PreferencesWindow.swift; sourceTree = "<group>"; };
		70C8C0B01B998CFD003D9B27 /* PreferencesWindow.xib */ = {isa = PBXFileReference; fileEncoding = 4; lastKnownFileType = file.xib; path = PreferencesWindow.xib; sourceTree = "<group>"; };
		70C8C0B21B998CFD003D9B27 /* WatchIt-Bridging-Header.h */ = {isa = PBXFileReference; fileEncoding = 4; lastKnownFileType = sourcecode.c.h; path = "WatchIt-Bridging-Header.h"; sourceTree = "<group>"; };
		70C8C0BB1B998D1D003D9B27 /* EVObject.swift */ = {isa = PBXFileReference; fileEncoding = 4; lastKnownFileType = sourcecode.swift; path = EVObject.swift; sourceTree = "<group>"; };
		70C8C0BC1B998D1D003D9B27 /* EVObjectDescription.swift */ = {isa = PBXFileReference; fileEncoding = 4; lastKnownFileType = sourcecode.swift; path = EVObjectDescription.swift; sourceTree = "<group>"; };
		70C8C0BD1B998D1D003D9B27 /* EVReflection.swift */ = {isa = PBXFileReference; fileEncoding = 4; lastKnownFileType = sourcecode.swift; path = EVReflection.swift; sourceTree = "<group>"; };
		70C8C0C11B998DEA003D9B27 /* Async.framework */ = {isa = PBXFileReference; lastKnownFileType = wrapper.framework; name = Async.framework; path = Carthage/Build/Mac/Async.framework; sourceTree = "<group>"; };
		70C8C0C51B998DF0003D9B27 /* EonilFileSystemEvents.framework */ = {isa = PBXFileReference; lastKnownFileType = wrapper.framework; name = EonilFileSystemEvents.framework; path = Carthage/Build/Mac/EonilFileSystemEvents.framework; sourceTree = "<group>"; };
		70C8C0C81B998DF5003D9B27 /* XCGLogger.framework */ = {isa = PBXFileReference; lastKnownFileType = wrapper.framework; name = XCGLogger.framework; path = Carthage/Build/Mac/XCGLogger.framework; sourceTree = "<group>"; };
/* End PBXFileReference section */

/* Begin PBXFrameworksBuildPhase section */
		703E5E431B998B400026036C /* Frameworks */ = {
			isa = PBXFrameworksBuildPhase;
			buildActionMask = 2147483647;
			files = (
				70C8C0C61B998DF0003D9B27 /* EonilFileSystemEvents.framework in Frameworks */,
				70C8C0C21B998DEA003D9B27 /* Async.framework in Frameworks */,
				70C8C0C91B998DF5003D9B27 /* XCGLogger.framework in Frameworks */,
			);
			runOnlyForDeploymentPostprocessing = 0;
		};
		703E5E521B998B400026036C /* Frameworks */ = {
			isa = PBXFrameworksBuildPhase;
			buildActionMask = 2147483647;
			files = (
			);
			runOnlyForDeploymentPostprocessing = 0;
		};
/* End PBXFrameworksBuildPhase section */

/* Begin PBXGroup section */
		702AABED1B9E627000158C8D /* Regex */ = {
			isa = PBXGroup;
			children = (
				702AABF01B9E767000158C8D /* Regex.swift */,
				702AABF11B9E767000158C8D /* pcrewrapper.c */,
				702AABF21B9E767000158C8D /* pcrewrapper.h */,
			);
			name = Regex;
			sourceTree = "<group>";
		};
		703E5E3D1B998B400026036C = {
			isa = PBXGroup;
			children = (
				70C8C0C81B998DF5003D9B27 /* XCGLogger.framework */,
				70C8C0C51B998DF0003D9B27 /* EonilFileSystemEvents.framework */,
				70C8C0C11B998DEA003D9B27 /* Async.framework */,
				70C8C0B91B998D1D003D9B27 /* Vendor */,
				703E5E481B998B400026036C /* WatchIt */,
				703E5E581B998B400026036C /* WatchItTests */,
				703E5E471B998B400026036C /* Products */,
			);
			sourceTree = "<group>";
		};
		703E5E471B998B400026036C /* Products */ = {
			isa = PBXGroup;
			children = (
				703E5E461B998B400026036C /* WatchIt.app */,
				703E5E551B998B400026036C /* WatchItTests.xctest */,
			);
			name = Products;
			sourceTree = "<group>";
		};
		703E5E481B998B400026036C /* WatchIt */ = {
			isa = PBXGroup;
			children = (
				702AABED1B9E627000158C8D /* Regex */,
				70C8C0AB1B998CFD003D9B27 /* Extensions.swift */,
				702AABF51B9E767500158C8D /* Glob.swift */,
				70C8C0AC1B998CFD003D9B27 /* Model.swift */,
				702AABE51B9D042B00158C8D /* Watcher.swift */,
				70C8C0AF1B998CFD003D9B27 /* PreferencesWindow.swift */,
				70C8C0B01B998CFD003D9B27 /* PreferencesWindow.xib */,
				70C8C0B21B998CFD003D9B27 /* WatchIt-Bridging-Header.h */,
				703E5E491B998B400026036C /* AppDelegate.swift */,
				703E5E4B1B998B400026036C /* Assets.xcassets */,
				703E5E4D1B998B400026036C /* MainMenu.xib */,
				703E5E501B998B400026036C /* Info.plist */,
				70C8C0AA1B998CFC003D9B27 /* WatchIt-Bridging-Header.h */,
			);
			path = WatchIt;
			sourceTree = "<group>";
		};
		703E5E581B998B400026036C /* WatchItTests */ = {
			isa = PBXGroup;
			children = (
				703E5E5B1B998B400026036C /* Info.plist */,
				702AABE91B9D6FA200158C8D /* GlobTests.swift */,
				702AABEB1B9D778B00158C8D /* RegexTests.swift */,
			);
			path = WatchItTests;
			sourceTree = "<group>";
		};
		70C8C0B91B998D1D003D9B27 /* Vendor */ = {
			isa = PBXGroup;
			children = (
				70C8C0BA1B998D1D003D9B27 /* EVReflection */,
			);
			path = Vendor;
			sourceTree = "<group>";
		};
		70C8C0BA1B998D1D003D9B27 /* EVReflection */ = {
			isa = PBXGroup;
			children = (
				70C8C0BB1B998D1D003D9B27 /* EVObject.swift */,
				70C8C0BC1B998D1D003D9B27 /* EVObjectDescription.swift */,
				70C8C0BD1B998D1D003D9B27 /* EVReflection.swift */,
			);
			path = EVReflection;
			sourceTree = "<group>";
		};
/* End PBXGroup section */

/* Begin PBXNativeTarget section */
		703E5E451B998B400026036C /* WatchIt */ = {
			isa = PBXNativeTarget;
			buildConfigurationList = 703E5E5E1B998B400026036C /* Build configuration list for PBXNativeTarget "WatchIt" */;
			buildPhases = (
				703E5E421B998B400026036C /* Sources */,
				703E5E431B998B400026036C /* Frameworks */,
				703E5E441B998B400026036C /* Resources */,
				70C8C0C41B998DEB003D9B27 /* Embed Frameworks */,
			);
			buildRules = (
			);
			dependencies = (
			);
			name = WatchIt;
			productName = WatchIt;
			productReference = 703E5E461B998B400026036C /* WatchIt.app */;
			productType = "com.apple.product-type.application";
		};
		703E5E541B998B400026036C /* WatchItTests */ = {
			isa = PBXNativeTarget;
			buildConfigurationList = 703E5E611B998B400026036C /* Build configuration list for PBXNativeTarget "WatchItTests" */;
			buildPhases = (
				703E5E511B998B400026036C /* Sources */,
				703E5E521B998B400026036C /* Frameworks */,
				703E5E531B998B400026036C /* Resources */,
			);
			buildRules = (
			);
			dependencies = (
				703E5E571B998B400026036C /* PBXTargetDependency */,
			);
			name = WatchItTests;
			productName = WatchItTests;
			productReference = 703E5E551B998B400026036C /* WatchItTests.xctest */;
			productType = "com.apple.product-type.bundle.unit-test";
		};
/* End PBXNativeTarget section */

/* Begin PBXProject section */
		703E5E3E1B998B400026036C /* Project object */ = {
			isa = PBXProject;
			attributes = {
				LastSwiftUpdateCheck = 0700;
				LastUpgradeCheck = 0700;
				ORGANIZATIONNAME = SwapOff;
				TargetAttributes = {
					703E5E451B998B400026036C = {
						CreatedOnToolsVersion = 7.0;
					};
					703E5E541B998B400026036C = {
						CreatedOnToolsVersion = 7.0;
						TestTargetID = 703E5E451B998B400026036C;
					};
				};
			};
			buildConfigurationList = 703E5E411B998B400026036C /* Build configuration list for PBXProject "WatchIt" */;
			compatibilityVersion = "Xcode 3.2";
			developmentRegion = English;
			hasScannedForEncodings = 0;
			knownRegions = (
				en,
				Base,
			);
			mainGroup = 703E5E3D1B998B400026036C;
			productRefGroup = 703E5E471B998B400026036C /* Products */;
			projectDirPath = "";
			projectRoot = "";
			targets = (
				703E5E451B998B400026036C /* WatchIt */,
				703E5E541B998B400026036C /* WatchItTests */,
			);
		};
/* End PBXProject section */

/* Begin PBXResourcesBuildPhase section */
		703E5E441B998B400026036C /* Resources */ = {
			isa = PBXResourcesBuildPhase;
			buildActionMask = 2147483647;
			files = (
				703E5E4C1B998B400026036C /* Assets.xcassets in Resources */,
				70C8C0B71B998CFD003D9B27 /* PreferencesWindow.xib in Resources */,
				703E5E4F1B998B400026036C /* MainMenu.xib in Resources */,
			);
			runOnlyForDeploymentPostprocessing = 0;
		};
		703E5E531B998B400026036C /* Resources */ = {
			isa = PBXResourcesBuildPhase;
			buildActionMask = 2147483647;
			files = (
			);
			runOnlyForDeploymentPostprocessing = 0;
		};
/* End PBXResourcesBuildPhase section */

/* Begin PBXSourcesBuildPhase section */
		703E5E421B998B400026036C /* Sources */ = {
			isa = PBXSourcesBuildPhase;
			buildActionMask = 2147483647;
			files = (
				70C8C0B41B998CFD003D9B27 /* Model.swift in Sources */,
				70C8C0B61B998CFD003D9B27 /* PreferencesWindow.swift in Sources */,
				702AABF61B9E767500158C8D /* Glob.swift in Sources */,
				702AABE61B9D042B00158C8D /* Watcher.swift in Sources */,
				70C8C0BF1B998D1D003D9B27 /* EVObjectDescription.swift in Sources */,
				70C8C0C01B998D1D003D9B27 /* EVReflection.swift in Sources */,
				702AABF31B9E767000158C8D /* Regex.swift in Sources */,
				703E5E4A1B998B400026036C /* AppDelegate.swift in Sources */,
				702AABF41B9E767000158C8D /* pcrewrapper.c in Sources */,
				70C8C0B31B998CFD003D9B27 /* Extensions.swift in Sources */,
				70C8C0BE1B998D1D003D9B27 /* EVObject.swift in Sources */,
			);
			runOnlyForDeploymentPostprocessing = 0;
		};
		703E5E511B998B400026036C /* Sources */ = {
			isa = PBXSourcesBuildPhase;
			buildActionMask = 2147483647;
			files = (
				702AABEA1B9D6FA200158C8D /* GlobTests.swift in Sources */,
				702AABEC1B9D778B00158C8D /* RegexTests.swift in Sources */,
			);
			runOnlyForDeploymentPostprocessing = 0;
		};
/* End PBXSourcesBuildPhase section */

/* Begin PBXTargetDependency section */
		703E5E571B998B400026036C /* PBXTargetDependency */ = {
			isa = PBXTargetDependency;
			target = 703E5E451B998B400026036C /* WatchIt */;
			targetProxy = 703E5E561B998B400026036C /* PBXContainerItemProxy */;
		};
/* End PBXTargetDependency section */

/* Begin PBXVariantGroup section */
		703E5E4D1B998B400026036C /* MainMenu.xib */ = {
			isa = PBXVariantGroup;
			children = (
				703E5E4E1B998B400026036C /* Base */,
			);
			name = MainMenu.xib;
			sourceTree = "<group>";
		};
/* End PBXVariantGroup section */

/* Begin XCBuildConfiguration section */
		703E5E5C1B998B400026036C /* Debug */ = {
			isa = XCBuildConfiguration;
			buildSettings = {
				ALWAYS_SEARCH_USER_PATHS = NO;
				CLANG_CXX_LANGUAGE_STANDARD = "gnu++0x";
				CLANG_CXX_LIBRARY = "libc++";
				CLANG_ENABLE_MODULES = YES;
				CLANG_ENABLE_OBJC_ARC = YES;
				CLANG_WARN_BOOL_CONVERSION = YES;
				CLANG_WARN_CONSTANT_CONVERSION = YES;
				CLANG_WARN_DIRECT_OBJC_ISA_USAGE = YES_ERROR;
				CLANG_WARN_EMPTY_BODY = YES;
				CLANG_WARN_ENUM_CONVERSION = YES;
				CLANG_WARN_INT_CONVERSION = YES;
				CLANG_WARN_OBJC_ROOT_CLASS = YES_ERROR;
				CLANG_WARN_UNREACHABLE_CODE = YES;
				CLANG_WARN__DUPLICATE_METHOD_MATCH = YES;
				CODE_SIGN_IDENTITY = "-";
				COPY_PHASE_STRIP = NO;
				DEBUG_INFORMATION_FORMAT = dwarf;
				ENABLE_STRICT_OBJC_MSGSEND = YES;
				ENABLE_TESTABILITY = YES;
				GCC_C_LANGUAGE_STANDARD = gnu99;
				GCC_DYNAMIC_NO_PIC = NO;
				GCC_NO_COMMON_BLOCKS = YES;
				GCC_OPTIMIZATION_LEVEL = 0;
				GCC_PREPROCESSOR_DEFINITIONS = (
					"DEBUG=1",
					"$(inherited)",
				);
				GCC_WARN_64_TO_32_BIT_CONVERSION = YES;
				GCC_WARN_ABOUT_RETURN_TYPE = YES_ERROR;
				GCC_WARN_UNDECLARED_SELECTOR = YES;
				GCC_WARN_UNINITIALIZED_AUTOS = YES_AGGRESSIVE;
				GCC_WARN_UNUSED_FUNCTION = YES;
				GCC_WARN_UNUSED_VARIABLE = YES;
				MACOSX_DEPLOYMENT_TARGET = 10.10;
				MTL_ENABLE_DEBUG_INFO = YES;
				ONLY_ACTIVE_ARCH = YES;
				SDKROOT = macosx;
				SWIFT_OPTIMIZATION_LEVEL = "-Onone";
			};
			name = Debug;
		};
		703E5E5D1B998B400026036C /* Release */ = {
			isa = XCBuildConfiguration;
			buildSettings = {
				ALWAYS_SEARCH_USER_PATHS = NO;
				CLANG_CXX_LANGUAGE_STANDARD = "gnu++0x";
				CLANG_CXX_LIBRARY = "libc++";
				CLANG_ENABLE_MODULES = YES;
				CLANG_ENABLE_OBJC_ARC = YES;
				CLANG_WARN_BOOL_CONVERSION = YES;
				CLANG_WARN_CONSTANT_CONVERSION = YES;
				CLANG_WARN_DIRECT_OBJC_ISA_USAGE = YES_ERROR;
				CLANG_WARN_EMPTY_BODY = YES;
				CLANG_WARN_ENUM_CONVERSION = YES;
				CLANG_WARN_INT_CONVERSION = YES;
				CLANG_WARN_OBJC_ROOT_CLASS = YES_ERROR;
				CLANG_WARN_UNREACHABLE_CODE = YES;
				CLANG_WARN__DUPLICATE_METHOD_MATCH = YES;
				CODE_SIGN_IDENTITY = "-";
				COPY_PHASE_STRIP = NO;
				DEBUG_INFORMATION_FORMAT = "dwarf-with-dsym";
				ENABLE_NS_ASSERTIONS = NO;
				ENABLE_STRICT_OBJC_MSGSEND = YES;
				GCC_C_LANGUAGE_STANDARD = gnu99;
				GCC_NO_COMMON_BLOCKS = YES;
				GCC_WARN_64_TO_32_BIT_CONVERSION = YES;
				GCC_WARN_ABOUT_RETURN_TYPE = YES_ERROR;
				GCC_WARN_UNDECLARED_SELECTOR = YES;
				GCC_WARN_UNINITIALIZED_AUTOS = YES_AGGRESSIVE;
				GCC_WARN_UNUSED_FUNCTION = YES;
				GCC_WARN_UNUSED_VARIABLE = YES;
				MACOSX_DEPLOYMENT_TARGET = 10.10;
				MTL_ENABLE_DEBUG_INFO = NO;
				SDKROOT = macosx;
			};
			name = Release;
		};
		703E5E5F1B998B400026036C /* Debug */ = {
			isa = XCBuildConfiguration;
			buildSettings = {
				ASSETCATALOG_COMPILER_APPICON_NAME = AppIcon;
				CLANG_ENABLE_MODULES = YES;
				COMBINE_HIDPI_IMAGES = YES;
				FRAMEWORK_SEARCH_PATHS = (
					"$(inherited)",
					"$(PROJECT_DIR)/Carthage/Build/Mac",
				);
				INFOPLIST_FILE = WatchIt/Info.plist;
				LD_RUNPATH_SEARCH_PATHS = "$(inherited) @executable_path/../Frameworks";
				PRODUCT_BUNDLE_IDENTIFIER = org.swapoff.WatchIt;
				PRODUCT_NAME = "$(TARGET_NAME)";
				SWIFT_INCLUDE_PATHS = " ${SRCROOT}";
				SWIFT_OBJC_BRIDGING_HEADER = "WatchIt/WatchIt-Bridging-Header.h";
				SWIFT_OPTIMIZATION_LEVEL = "-Onone";
			};
			name = Debug;
		};
		703E5E601B998B400026036C /* Release */ = {
			isa = XCBuildConfiguration;
			buildSettings = {
				ASSETCATALOG_COMPILER_APPICON_NAME = AppIcon;
				CLANG_ENABLE_MODULES = YES;
				COMBINE_HIDPI_IMAGES = YES;
				FRAMEWORK_SEARCH_PATHS = (
					"$(inherited)",
					"$(PROJECT_DIR)/Carthage/Build/Mac",
				);
				INFOPLIST_FILE = WatchIt/Info.plist;
				LD_RUNPATH_SEARCH_PATHS = "$(inherited) @executable_path/../Frameworks";
				PRODUCT_BUNDLE_IDENTIFIER = org.swapoff.WatchIt;
				PRODUCT_NAME = "$(TARGET_NAME)";
				SWIFT_INCLUDE_PATHS = " ${SRCROOT}";
				SWIFT_OBJC_BRIDGING_HEADER = "WatchIt/WatchIt-Bridging-Header.h";
			};
			name = Release;
		};
		703E5E621B998B400026036C /* Debug */ = {
			isa = XCBuildConfiguration;
			buildSettings = {
				BUNDLE_LOADER = "$(TEST_HOST)";
				COMBINE_HIDPI_IMAGES = YES;
				INFOPLIST_FILE = WatchItTests/Info.plist;
				LD_RUNPATH_SEARCH_PATHS = "$(inherited) @executable_path/../Frameworks @loader_path/../Frameworks";
				PRODUCT_BUNDLE_IDENTIFIER = org.swapoff.WatchItTests;
				PRODUCT_NAME = "$(TARGET_NAME)";
				TEST_HOST = "$(BUILT_PRODUCTS_DIR)/WatchIt.app/Contents/MacOS/WatchIt";
			};
			name = Debug;
		};
		703E5E631B998B400026036C /* Release */ = {
			isa = XCBuildConfiguration;
			buildSettings = {
				BUNDLE_LOADER = "$(TEST_HOST)";
				COMBINE_HIDPI_IMAGES = YES;
				INFOPLIST_FILE = WatchItTests/Info.plist;
				LD_RUNPATH_SEARCH_PATHS = "$(inherited) @executable_path/../Frameworks @loader_path/../Frameworks";
				PRODUCT_BUNDLE_IDENTIFIER = org.swapoff.WatchItTests;
				PRODUCT_NAME = "$(TARGET_NAME)";
				TEST_HOST = "$(BUILT_PRODUCTS_DIR)/WatchIt.app/Contents/MacOS/WatchIt";
			};
			name = Release;
		};
/* End XCBuildConfiguration section */

/* Begin XCConfigurationList section */
		703E5E411B998B400026036C /* Build configuration list for PBXProject "WatchIt" */ = {
			isa = XCConfigurationList;
			buildConfigurations = (
				703E5E5C1B998B400026036C /* Debug */,
				703E5E5D1B998B400026036C /* Release */,
			);
			defaultConfigurationIsVisible = 0;
			defaultConfigurationName = Release;
		};
		703E5E5E1B998B400026036C /* Build configuration list for PBXNativeTarget "WatchIt" */ = {
			isa = XCConfigurationList;
			buildConfigurations = (
				703E5E5F1B998B400026036C /* Debug */,
				703E5E601B998B400026036C /* Release */,
			);
			defaultConfigurationIsVisible = 0;
			defaultConfigurationName = Release;
		};
		703E5E611B998B400026036C /* Build configuration list for PBXNativeTarget "WatchItTests" */ = {
			isa = XCConfigurationList;
			buildConfigurations = (
				703E5E621B998B400026036C /* Debug */,
				703E5E631B998B400026036C /* Release */,
			);
			defaultConfigurationIsVisible = 0;
			defaultConfigurationName = Release;
		};
/* End XCConfigurationList section */
	};
	rootObject = 703E5E3E1B998B400026036C /* Project object */;
}
